
Microsoft Visual Studio Solution File, Format Version 12.00
# Visual Studio Version 16
VisualStudioVersion = 16.0.31702.278
MinimumVisualStudioVersion = 10.0.40219.1
Project("{FAE04EC0-301F-11D3-BF4B-00C04F79EFBC}") = "UGC API", "UGC API.csproj", "{302BF399-1297-4452-9102-5009B8919CB1}"
EndProject
Global
	GlobalSection(SolutionConfigurationPlatforms) = preSolution
		Debug|Any CPU = Debug|Any CPU
		Release|Any CPU = Release|Any CPU
	EndGlobalSection
	GlobalSection(ProjectConfigurationPlatforms) = postSolution
		{302BF399-1297-4452-9102-5009B8919CB1}.Debug|Any CPU.ActiveCfg = Debug|Any CPU
		{302BF399-1297-4452-9102-5009B8919CB1}.Debug|Any CPU.Build.0 = Debug|Any CPU
		{302BF399-1297-4452-9102-5009B8919CB1}.Release|Any CPU.ActiveCfg = Release|Any CPU
		{302BF399-1297-4452-9102-5009B8919CB1}.Release|Any CPU.Build.0 = Release|Any CPU
	EndGlobalSection
	GlobalSection(SolutionProperties) = preSolution
		HideSolutionNode = FALSE
	EndGlobalSection
	GlobalSection(ExtensibilityGlobals) = postSolution
		SolutionGuid = {932A8870-2763-4C0A-8C8A-0BEF625CACC8}
	EndGlobalSection
EndGlobal
